
Microsoft Visual Studio Solution File, Format Version 12.00
# Visual Studio Version 16
VisualStudioVersion = 16.0.30413.136
MinimumVisualStudioVersion = 10.0.40219.1
Project("{FAE04EC0-301F-11D3-BF4B-00C04F79EFBC}") = "SuperNova.AWS.Logging", "SuperNova.AWS.Logging\SuperNova.AWS.Logging.csproj", "{BF619689-1136-4547-BC31-673F94150FCC}"
EndProject
Global
	GlobalSection(SolutionConfigurationPlatforms) = preSolution
		Debug|Any CPU = Debug|Any CPU
		Release|Any CPU = Release|Any CPU
	EndGlobalSection
	GlobalSection(ProjectConfigurationPlatforms) = postSolution
		{BF619689-1136-4547-BC31-673F94150FCC}.Debug|Any CPU.ActiveCfg = Debug|Any CPU
		{BF619689-1136-4547-BC31-673F94150FCC}.Debug|Any CPU.Build.0 = Debug|Any CPU
		{BF619689-1136-4547-BC31-673F94150FCC}.Release|Any CPU.ActiveCfg = Release|Any CPU
		{BF619689-1136-4547-BC31-673F94150FCC}.Release|Any CPU.Build.0 = Release|Any CPU
	EndGlobalSection
	GlobalSection(SolutionProperties) = preSolution
		HideSolutionNode = FALSE
	EndGlobalSection
	GlobalSection(ExtensibilityGlobals) = postSolution
		SolutionGuid = {3A16F36A-0B34-4C92-BA73-9DE9AACF2E44}
	EndGlobalSection
EndGlobal
